// !$*UTF8*$!
{
	archiveVersion = 1;
	classes = {
	};
	objectVersion = 77;
	objects = {

/* Begin PBXBuildFile section */
		5070D0512E8FF9E70023DAF5 /* AWSS3StoragePlugin in Frameworks */ = {isa = PBXBuildFile; productRef = 5070D0502E8FF9E70023DAF5 /* AWSS3StoragePlugin */; };
		5070D0532E8FF9E70023DAF5 /* Amplify in Frameworks */ = {isa = PBXBuildFile; productRef = 5070D0522E8FF9E70023DAF5 /* Amplify */; };
		5070D0552E8FFA800023DAF5 /* amplify_outputs.json in Resources */ = {isa = PBXBuildFile; fileRef = 5070D0542E8FFA800023DAF5 /* amplify_outputs.json */; };
		5070D0592E900B8D0023DAF5 /* AWSCognitoAuthPlugin in Frameworks */ = {isa = PBXBuildFile; productRef = 5070D0582E900B8D0023DAF5 /* AWSCognitoAuthPlugin */; };
		5070D05C2E900BA60023DAF5 /* Authenticator in Frameworks */ = {isa = PBXBuildFile; productRef = 5070D05B2E900BA60023DAF5 /* Authenticator */; };
/* End PBXBuildFile section */

/* Begin PBXContainerItemProxy section */
		5070D0312E8FF8890023DAF5 /* PBXContainerItemProxy */ = {
			isa = PBXContainerItemProxy;
			containerPortal = 5070D01B2E8FF8870023DAF5 /* Project object */;
			proxyType = 1;
			remoteGlobalIDString = 5070D0222E8FF8870023DAF5;
			remoteInfo = VideoUpload;
		};
		5070D03B2E8FF8890023DAF5 /* PBXContainerItemProxy */ = {
			isa = PBXContainerItemProxy;
			containerPortal = 5070D01B2E8FF8870023DAF5 /* Project object */;
			proxyType = 1;
			remoteGlobalIDString = 5070D0222E8FF8870023DAF5;
			remoteInfo = VideoUpload;
		};
/* End PBXContainerItemProxy section */

/* Begin PBXFileReference section */
		5070D0232E8FF8870023DAF5 /* VideoUpload.app */ = {isa = PBXFileReference; explicitFileType = wrapper.application; includeInIndex = 0; path = VideoUpload.app; sourceTree = BUILT_PRODUCTS_DIR; };
		5070D0302E8FF8890023DAF5 /* VideoUploadTests.xctest */ = {isa = PBXFileReference; explicitFileType = wrapper.cfbundle; includeInIndex = 0; path = VideoUploadTests.xctest; sourceTree = BUILT_PRODUCTS_DIR; };
		5070D03A2E8FF8890023DAF5 /* VideoUploadUITests.xctest */ = {isa = PBXFileReference; explicitFileType = wrapper.cfbundle; includeInIndex = 0; path = VideoUploadUITests.xctest; sourceTree = BUILT_PRODUCTS_DIR; };
		5070D0542E8FFA800023DAF5 /* amplify_outputs.json */ = {isa = PBXFileReference; lastKnownFileType = text.json; path = amplify_outputs.json; sourceTree = "<group>"; };
/* End PBXFileReference section */

/* Begin PBXFileSystemSynchronizedRootGroup section */
		5070D0252E8FF8870023DAF5 /* VideoUpload */ = {
			isa = PBXFileSystemSynchronizedRootGroup;
			path = VideoUpload;
			sourceTree = "<group>";
		};
		5070D0332E8FF8890023DAF5 /* VideoUploadTests */ = {
			isa = PBXFileSystemSynchronizedRootGroup;
			path = VideoUploadTests;
			sourceTree = "<group>";
		};
		5070D03D2E8FF8890023DAF5 /* VideoUploadUITests */ = {
			isa = PBXFileSystemSynchronizedRootGroup;
			path = VideoUploadUITests;
			sourceTree = "<group>";
		};
/* End PBXFileSystemSynchronizedRootGroup section */

/* Begin PBXFrameworksBuildPhase section */
		5070D0202E8FF8870023DAF5 /* Frameworks */ = {
			isa = PBXFrameworksBuildPhase;
			buildActionMask = 2147483647;
			files = (
				5070D05C2E900BA60023DAF5 /* Authenticator in Frameworks */,
				5070D0512E8FF9E70023DAF5 /* AWSS3StoragePlugin in Frameworks */,
				5070D0532E8FF9E70023DAF5 /* Amplify in Frameworks */,
				5070D0592E900B8D0023DAF5 /* AWSCognitoAuthPlugin in Frameworks */,
			);
			runOnlyForDeploymentPostprocessing = 0;
		};
		5070D02D2E8FF8890023DAF5 /* Frameworks */ = {
			isa = PBXFrameworksBuildPhase;
			buildActionMask = 2147483647;
			files = (
			);
			runOnlyForDeploymentPostprocessing = 0;
		};
		5070D0372E8FF8890023DAF5 /* Frameworks */ = {
			isa = PBXFrameworksBuildPhase;
			buildActionMask = 2147483647;
			files = (
			);
			runOnlyForDeploymentPostprocessing = 0;
		};
/* End PBXFrameworksBuildPhase section */

/* Begin PBXGroup section */
		5070D01A2E8FF8870023DAF5 = {
			isa = PBXGroup;
			children = (
				5070D0542E8FFA800023DAF5 /* amplify_outputs.json */,
				5070D0252E8FF8870023DAF5 /* VideoUpload */,
				5070D0332E8FF8890023DAF5 /* VideoUploadTests */,
				5070D03D2E8FF8890023DAF5 /* VideoUploadUITests */,
				5070D0242E8FF8870023DAF5 /* Products */,
			);
			sourceTree = "<group>";
		};
		5070D0242E8FF8870023DAF5 /* Products */ = {
			isa = PBXGroup;
			children = (
				5070D0232E8FF8870023DAF5 /* VideoUpload.app */,
				5070D0302E8FF8890023DAF5 /* VideoUploadTests.xctest */,
				5070D03A2E8FF8890023DAF5 /* VideoUploadUITests.xctest */,
			);
			name = Products;
			sourceTree = "<group>";
		};
/* End PBXGroup section */

/* Begin PBXNativeTarget section */
		5070D0222E8FF8870023DAF5 /* VideoUpload */ = {
			isa = PBXNativeTarget;
			buildConfigurationList = 5070D0442E8FF8890023DAF5 /* Build configuration list for PBXNativeTarget "VideoUpload" */;
			buildPhases = (
				5070D01F2E8FF8870023DAF5 /* Sources */,
				5070D0202E8FF8870023DAF5 /* Frameworks */,
				5070D0212E8FF8870023DAF5 /* Resources */,
			);
			buildRules = (
			);
			dependencies = (
			);
			fileSystemSynchronizedGroups = (
				5070D0252E8FF8870023DAF5 /* VideoUpload */,
			);
			name = VideoUpload;
			packageProductDependencies = (
				5070D0502E8FF9E70023DAF5 /* AWSS3StoragePlugin */,
				5070D0522E8FF9E70023DAF5 /* Amplify */,
				5070D0582E900B8D0023DAF5 /* AWSCognitoAuthPlugin */,
				5070D05B2E900BA60023DAF5 /* Authenticator */,
			);
			productName = VideoUpload;
			productReference = 5070D0232E8FF8870023DAF5 /* VideoUpload.app */;
			productType = "com.apple.product-type.application";
		};
		5070D02F2E8FF8890023DAF5 /* VideoUploadTests */ = {
			isa = PBXNativeTarget;
			buildConfigurationList = 5070D0472E8FF8890023DAF5 /* Build configuration list for PBXNativeTarget "VideoUploadTests" */;
			buildPhases = (
				5070D02C2E8FF8890023DAF5 /* Sources */,
				5070D02D2E8FF8890023DAF5 /* Frameworks */,
				5070D02E2E8FF8890023DAF5 /* Resources */,
			);
			buildRules = (
			);
			dependencies = (
				5070D0322E8FF8890023DAF5 /* PBXTargetDependency */,
			);
			fileSystemSynchronizedGroups = (
				5070D0332E8FF8890023DAF5 /* VideoUploadTests */,
			);
			name = VideoUploadTests;
			packageProductDependencies = (
			);
			productName = VideoUploadTests;
			productReference = 5070D0302E8FF8890023DAF5 /* VideoUploadTests.xctest */;
			productType = "com.apple.product-type.bundle.unit-test";
		};
		5070D0392E8FF8890023DAF5 /* VideoUploadUITests */ = {
			isa = PBXNativeTarget;
			buildConfigurationList = 5070D04A2E8FF8890023DAF5 /* Build configuration list for PBXNativeTarget "VideoUploadUITests" */;
			buildPhases = (
				5070D0362E8FF8890023DAF5 /* Sources */,
				5070D0372E8FF8890023DAF5 /* Frameworks */,
				5070D0382E8FF8890023DAF5 /* Resources */,
			);
			buildRules = (
			);
			dependencies = (
				5070D03C2E8FF8890023DAF5 /* PBXTargetDependency */,
			);
			fileSystemSynchronizedGroups = (
				5070D03D2E8FF8890023DAF5 /* VideoUploadUITests */,
			);
			name = VideoUploadUITests;
			packageProductDependencies = (
			);
			productName = VideoUploadUITests;
			productReference = 5070D03A2E8FF8890023DAF5 /* VideoUploadUITests.xctest */;
			productType = "com.apple.product-type.bundle.ui-testing";
		};
/* End PBXNativeTarget section */

/* Begin PBXProject section */
		5070D01B2E8FF8870023DAF5 /* Project object */ = {
			isa = PBXProject;
			attributes = {
				BuildIndependentTargetsInParallel = 1;
				LastSwiftUpdateCheck = 2600;
				LastUpgradeCheck = 2600;
				TargetAttributes = {
					5070D0222E8FF8870023DAF5 = {
						CreatedOnToolsVersion = 26.0.1;
					};
					5070D02F2E8FF8890023DAF5 = {
						CreatedOnToolsVersion = 26.0.1;
						TestTargetID = 5070D0222E8FF8870023DAF5;
					};
					5070D0392E8FF8890023DAF5 = {
						CreatedOnToolsVersion = 26.0.1;
						TestTargetID = 5070D0222E8FF8870023DAF5;
					};
				};
			};
			buildConfigurationList = 5070D01E2E8FF8870023DAF5 /* Build configuration list for PBXProject "VideoUpload" */;
			developmentRegion = en;
			hasScannedForEncodings = 0;
			knownRegions = (
				en,
				Base,
			);
			mainGroup = 5070D01A2E8FF8870023DAF5;
			minimizedProjectReferenceProxies = 1;
			packageReferences = (
				5070D04F2E8FF9E70023DAF5 /* XCRemoteSwiftPackageReference "amplify-swift" */,
				5070D05A2E900BA60023DAF5 /* XCRemoteSwiftPackageReference "amplify-ui-swift-authenticator" */,
			);
			preferredProjectObjectVersion = 77;
			productRefGroup = 5070D0242E8FF8870023DAF5 /* Products */;
			projectDirPath = "";
			projectRoot = "";
			targets = (
				5070D0222E8FF8870023DAF5 /* VideoUpload */,
				5070D02F2E8FF8890023DAF5 /* VideoUploadTests */,
				5070D0392E8FF8890023DAF5 /* VideoUploadUITests */,
			);
		};
/* End PBXProject section */

/* Begin PBXResourcesBuildPhase section */
		5070D0212E8FF8870023DAF5 /* Resources */ = {
			isa = PBXResourcesBuildPhase;
			buildActionMask = 2147483647;
			files = (
				5070D0552E8FFA800023DAF5 /* amplify_outputs.json in Resources */,
			);
			runOnlyForDeploymentPostprocessing = 0;
		};
		5070D02E2E8FF8890023DAF5 /* Resources */ = {
			isa = PBXResourcesBuildPhase;
			buildActionMask = 2147483647;
			files = (
			);
			runOnlyForDeploymentPostprocessing = 0;
		};
		5070D0382E8FF8890023DAF5 /* Resources */ = {
			isa = PBXResourcesBuildPhase;
			buildActionMask = 2147483647;
			files = (
			);
			runOnlyForDeploymentPostprocessing = 0;
		};
/* End PBXResourcesBuildPhase section */

/* Begin PBXSourcesBuildPhase section */
		5070D01F2E8FF8870023DAF5 /* Sources */ = {
			isa = PBXSourcesBuildPhase;
			buildActionMask = 2147483647;
			files = (
			);
			runOnlyForDeploymentPostprocessing = 0;
		};
		5070D02C2E8FF8890023DAF5 /* Sources */ = {
			isa = PBXSourcesBuildPhase;
			buildActionMask = 2147483647;
			files = (
			);
			runOnlyForDeploymentPostprocessing = 0;
		};
		5070D0362E8FF8890023DAF5 /* Sources */ = {
			isa = PBXSourcesBuildPhase;
			buildActionMask = 2147483647;
			files = (
			);
			runOnlyForDeploymentPostprocessing = 0;
		};
/* End PBXSourcesBuildPhase section */

/* Begin PBXTargetDependency section */
		5070D0322E8FF8890023DAF5 /* PBXTargetDependency */ = {
			isa = PBXTargetDependency;
			target = 5070D0222E8FF8870023DAF5 /* VideoUpload */;
			targetProxy = 5070D0312E8FF8890023DAF5 /* PBXContainerItemProxy */;
		};
		5070D03C2E8FF8890023DAF5 /* PBXTargetDependency */ = {
			isa = PBXTargetDependency;
			target = 5070D0222E8FF8870023DAF5 /* VideoUpload */;
			targetProxy = 5070D03B2E8FF8890023DAF5 /* PBXContainerItemProxy */;
		};
/* End PBXTargetDependency section */

/* Begin XCBuildConfiguration section */
		5070D0422E8FF8890023DAF5 /* Debug */ = {
			isa = XCBuildConfiguration;
			buildSettings = {
				ALWAYS_SEARCH_USER_PATHS = NO;
				ASSETCATALOG_COMPILER_GENERATE_SWIFT_ASSET_SYMBOL_EXTENSIONS = YES;
				CLANG_ANALYZER_NONNULL = YES;
				CLANG_ANALYZER_NUMBER_OBJECT_CONVERSION = YES_AGGRESSIVE;
				CLANG_CXX_LANGUAGE_STANDARD = "gnu++20";
				CLANG_ENABLE_MODULES = YES;
				CLANG_ENABLE_OBJC_ARC = YES;
				CLANG_ENABLE_OBJC_WEAK = YES;
				CLANG_WARN_BLOCK_CAPTURE_AUTORELEASING = YES;
				CLANG_WARN_BOOL_CONVERSION = YES;
				CLANG_WARN_COMMA = YES;
				CLANG_WARN_CONSTANT_CONVERSION = YES;
				CLANG_WARN_DEPRECATED_OBJC_IMPLEMENTATIONS = YES;
				CLANG_WARN_DIRECT_OBJC_ISA_USAGE = YES_ERROR;
				CLANG_WARN_DOCUMENTATION_COMMENTS = YES;
				CLANG_WARN_EMPTY_BODY = YES;
				CLANG_WARN_ENUM_CONVERSION = YES;
				CLANG_WARN_INFINITE_RECURSION = YES;
				CLANG_WARN_INT_CONVERSION = YES;
				CLANG_WARN_NON_LITERAL_NULL_CONVERSION = YES;
				CLANG_WARN_OBJC_IMPLICIT_RETAIN_SELF = YES;
				CLANG_WARN_OBJC_LITERAL_CONVERSION = YES;
				CLANG_WARN_OBJC_ROOT_CLASS = YES_ERROR;
				CLANG_WARN_QUOTED_INCLUDE_IN_FRAMEWORK_HEADER = YES;
				CLANG_WARN_RANGE_LOOP_ANALYSIS = YES;
				CLANG_WARN_STRICT_PROTOTYPES = YES;
				CLANG_WARN_SUSPICIOUS_MOVE = YES;
				CLANG_WARN_UNGUARDED_AVAILABILITY = YES_AGGRESSIVE;
				CLANG_WARN_UNREACHABLE_CODE = YES;
				CLANG_WARN__DUPLICATE_METHOD_MATCH = YES;
				COPY_PHASE_STRIP = NO;
				DEBUG_INFORMATION_FORMAT = dwarf;
				DEVELOPMENT_TEAM = VFG48XB875;
				ENABLE_STRICT_OBJC_MSGSEND = YES;
				ENABLE_TESTABILITY = YES;
				ENABLE_USER_SCRIPT_SANDBOXING = YES;
				GCC_C_LANGUAGE_STANDARD = gnu17;
				GCC_DYNAMIC_NO_PIC = NO;
				GCC_NO_COMMON_BLOCKS = YES;
				GCC_OPTIMIZATION_LEVEL = 0;
				GCC_PREPROCESSOR_DEFINITIONS = (
					"DEBUG=1",
					"$(inherited)",
				);
				GCC_WARN_64_TO_32_BIT_CONVERSION = YES;
				GCC_WARN_ABOUT_RETURN_TYPE = YES_ERROR;
				GCC_WARN_UNDECLARED_SELECTOR = YES;
				GCC_WARN_UNINITIALIZED_AUTOS = YES_AGGRESSIVE;
				GCC_WARN_UNUSED_FUNCTION = YES;
				GCC_WARN_UNUSED_VARIABLE = YES;
				IPHONEOS_DEPLOYMENT_TARGET = 26.0;
				LOCALIZATION_PREFERS_STRING_CATALOGS = YES;
				MTL_ENABLE_DEBUG_INFO = INCLUDE_SOURCE;
				MTL_FAST_MATH = YES;
				ONLY_ACTIVE_ARCH = YES;
				SDKROOT = iphoneos;
				SWIFT_ACTIVE_COMPILATION_CONDITIONS = "DEBUG $(inherited)";
				SWIFT_OPTIMIZATION_LEVEL = "-Onone";
			};
			name = Debug;
		};
		5070D0432E8FF8890023DAF5 /* Release */ = {
			isa = XCBuildConfiguration;
			buildSettings = {
				ALWAYS_SEARCH_USER_PATHS = NO;
				ASSETCATALOG_COMPILER_GENERATE_SWIFT_ASSET_SYMBOL_EXTENSIONS = YES;
				CLANG_ANALYZER_NONNULL = YES;
				CLANG_ANALYZER_NUMBER_OBJECT_CONVERSION = YES_AGGRESSIVE;
				CLANG_CXX_LANGUAGE_STANDARD = "gnu++20";
				CLANG_ENABLE_MODULES = YES;
				CLANG_ENABLE_OBJC_ARC = YES;
				CLANG_ENABLE_OBJC_WEAK = YES;
				CLANG_WARN_BLOCK_CAPTURE_AUTORELEASING = YES;
				CLANG_WARN_BOOL_CONVERSION = YES;
				CLANG_WARN_COMMA = YES;
				CLANG_WARN_CONSTANT_CONVERSION = YES;
				CLANG_WARN_DEPRECATED_OBJC_IMPLEMENTATIONS = YES;
				CLANG_WARN_DIRECT_OBJC_ISA_USAGE = YES_ERROR;
				CLANG_WARN_DOCUMENTATION_COMMENTS = YES;
				CLANG_WARN_EMPTY_BODY = YES;
				CLANG_WARN_ENUM_CONVERSION = YES;
				CLANG_WARN_INFINITE_RECURSION = YES;
				CLANG_WARN_INT_CONVERSION = YES;
				CLANG_WARN_NON_LITERAL_NULL_CONVERSION = YES;
				CLANG_WARN_OBJC_IMPLICIT_RETAIN_SELF = YES;
				CLANG_WARN_OBJC_LITERAL_CONVERSION = YES;
				CLANG_WARN_OBJC_ROOT_CLASS = YES_ERROR;
				CLANG_WARN_QUOTED_INCLUDE_IN_FRAMEWORK_HEADER = YES;
				CLANG_WARN_RANGE_LOOP_ANALYSIS = YES;
				CLANG_WARN_STRICT_PROTOTYPES = YES;
				CLANG_WARN_SUSPICIOUS_MOVE = YES;
				CLANG_WARN_UNGUARDED_AVAILABILITY = YES_AGGRESSIVE;
				CLANG_WARN_UNREACHABLE_CODE = YES;
				CLANG_WARN__DUPLICATE_METHOD_MATCH = YES;
				COPY_PHASE_STRIP = NO;
				DEBUG_INFORMATION_FORMAT = "dwarf-with-dsym";
				DEVELOPMENT_TEAM = VFG48XB875;
				ENABLE_NS_ASSERTIONS = NO;
				ENABLE_STRICT_OBJC_MSGSEND = YES;
				ENABLE_USER_SCRIPT_SANDBOXING = YES;
				GCC_C_LANGUAGE_STANDARD = gnu17;
				GCC_NO_COMMON_BLOCKS = YES;
				GCC_WARN_64_TO_32_BIT_CONVERSION = YES;
				GCC_WARN_ABOUT_RETURN_TYPE = YES_ERROR;
				GCC_WARN_UNDECLARED_SELECTOR = YES;
				GCC_WARN_UNINITIALIZED_AUTOS = YES_AGGRESSIVE;
				GCC_WARN_UNUSED_FUNCTION = YES;
				GCC_WARN_UNUSED_VARIABLE = YES;
				IPHONEOS_DEPLOYMENT_TARGET = 26.0;
				LOCALIZATION_PREFERS_STRING_CATALOGS = YES;
				MTL_ENABLE_DEBUG_INFO = NO;
				MTL_FAST_MATH = YES;
				SDKROOT = iphoneos;
				SWIFT_COMPILATION_MODE = wholemodule;
				VALIDATE_PRODUCT = YES;
			};
			name = Release;
		};
		5070D0452E8FF8890023DAF5 /* Debug */ = {
			isa = XCBuildConfiguration;
			buildSettings = {
				ASSETCATALOG_COMPILER_APPICON_NAME = AppIcon;
				ASSETCATALOG_COMPILER_GLOBAL_ACCENT_COLOR_NAME = AccentColor;
				CODE_SIGN_STYLE = Automatic;
				CURRENT_PROJECT_VERSION = 1;
				DEVELOPMENT_TEAM = VFG48XB875;
				ENABLE_PREVIEWS = YES;
				GENERATE_INFOPLIST_FILE = YES;
				INFOPLIST_KEY_UIApplicationSceneManifest_Generation = YES;
				INFOPLIST_KEY_UIApplicationSupportsIndirectInputEvents = YES;
				INFOPLIST_KEY_UILaunchScreen_Generation = YES;
				INFOPLIST_KEY_UISupportedInterfaceOrientations_iPad = "UIInterfaceOrientationPortrait UIInterfaceOrientationPortraitUpsideDown UIInterfaceOrientationLandscapeLeft UIInterfaceOrientationLandscapeRight";
				INFOPLIST_KEY_UISupportedInterfaceOrientations_iPhone = "UIInterfaceOrientationPortrait UIInterfaceOrientationLandscapeLeft UIInterfaceOrientationLandscapeRight";
				LD_RUNPATH_SEARCH_PATHS = (
					"$(inherited)",
					"@executable_path/Frameworks",
				);
				MARKETING_VERSION = 1.0;
				PRODUCT_BUNDLE_IDENTIFIER = com.digitaldone4u.VideoUpload;
				PRODUCT_NAME = "$(TARGET_NAME)";
				STRING_CATALOG_GENERATE_SYMBOLS = YES;
				SWIFT_APPROACHABLE_CONCURRENCY = YES;
				SWIFT_DEFAULT_ACTOR_ISOLATION = MainActor;
				SWIFT_EMIT_LOC_STRINGS = YES;
				SWIFT_UPCOMING_FEATURE_MEMBER_IMPORT_VISIBILITY = YES;
				SWIFT_VERSION = 5.0;
				TARGETED_DEVICE_FAMILY = "1,2";
			};
			name = Debug;
		};
		5070D0462E8FF8890023DAF5 /* Release */ = {
			isa = XCBuildConfiguration;
			buildSettings = {
				ASSETCATALOG_COMPILER_APPICON_NAME = AppIcon;
				ASSETCATALOG_COMPILER_GLOBAL_ACCENT_COLOR_NAME = AccentColor;
				CODE_SIGN_STYLE = Automatic;
				CURRENT_PROJECT_VERSION = 1;
				DEVELOPMENT_TEAM = VFG48XB875;
				ENABLE_PREVIEWS = YES;
				GENERATE_INFOPLIST_FILE = YES;
				INFOPLIST_KEY_UIApplicationSceneManifest_Generation = YES;
				INFOPLIST_KEY_UIApplicationSupportsIndirectInputEvents = YES;
				INFOPLIST_KEY_UILaunchScreen_Generation = YES;
				INFOPLIST_KEY_UISupportedInterfaceOrientations_iPad = "UIInterfaceOrientationPortrait UIInterfaceOrientationPortraitUpsideDown UIInterfaceOrientationLandscapeLeft UIInterfaceOrientationLandscapeRight";
				INFOPLIST_KEY_UISupportedInterfaceOrientations_iPhone = "UIInterfaceOrientationPortrait UIInterfaceOrientationLandscapeLeft UIInterfaceOrientationLandscapeRight";
				LD_RUNPATH_SEARCH_PATHS = (
					"$(inherited)",
					"@executable_path/Frameworks",
				);
				MARKETING_VERSION = 1.0;
				PRODUCT_BUNDLE_IDENTIFIER = com.digitaldone4u.VideoUpload;
				PRODUCT_NAME = "$(TARGET_NAME)";
				STRING_CATALOG_GENERATE_SYMBOLS = YES;
				SWIFT_APPROACHABLE_CONCURRENCY = YES;
				SWIFT_DEFAULT_ACTOR_ISOLATION = MainActor;
				SWIFT_EMIT_LOC_STRINGS = YES;
				SWIFT_UPCOMING_FEATURE_MEMBER_IMPORT_VISIBILITY = YES;
				SWIFT_VERSION = 5.0;
				TARGETED_DEVICE_FAMILY = "1,2";
			};
			name = Release;
		};
		5070D0482E8FF8890023DAF5 /* Debug */ = {
			isa = XCBuildConfiguration;
			buildSettings = {
				BUNDLE_LOADER = "$(TEST_HOST)";
				CODE_SIGN_STYLE = Automatic;
				CURRENT_PROJECT_VERSION = 1;
				DEVELOPMENT_TEAM = VFG48XB875;
				GENERATE_INFOPLIST_FILE = YES;
				IPHONEOS_DEPLOYMENT_TARGET = 26.0;
				MARKETING_VERSION = 1.0;
				PRODUCT_BUNDLE_IDENTIFIER = com.digitaldone4u.VideoUploadTests;
				PRODUCT_NAME = "$(TARGET_NAME)";
				STRING_CATALOG_GENERATE_SYMBOLS = NO;
				SWIFT_APPROACHABLE_CONCURRENCY = YES;
				SWIFT_EMIT_LOC_STRINGS = NO;
				SWIFT_UPCOMING_FEATURE_MEMBER_IMPORT_VISIBILITY = YES;
				SWIFT_VERSION = 5.0;
				TARGETED_DEVICE_FAMILY = "1,2";
				TEST_HOST = "$(BUILT_PRODUCTS_DIR)/VideoUpload.app/$(BUNDLE_EXECUTABLE_FOLDER_PATH)/VideoUpload";
			};
			name = Debug;
		};
		5070D0492E8FF8890023DAF5 /* Release */ = {
			isa = XCBuildConfiguration;
			buildSettings = {
				BUNDLE_LOADER = "$(TEST_HOST)";
				CODE_SIGN_STYLE = Automatic;
				CURRENT_PROJECT_VERSION = 1;
				DEVELOPMENT_TEAM = VFG48XB875;
				GENERATE_INFOPLIST_FILE = YES;
				IPHONEOS_DEPLOYMENT_TARGET = 26.0;
				MARKETING_VERSION = 1.0;
				PRODUCT_BUNDLE_IDENTIFIER = com.digitaldone4u.VideoUploadTests;
				PRODUCT_NAME = "$(TARGET_NAME)";
				STRING_CATALOG_GENERATE_SYMBOLS = NO;
				SWIFT_APPROACHABLE_CONCURRENCY = YES;
				SWIFT_EMIT_LOC_STRINGS = NO;
				SWIFT_UPCOMING_FEATURE_MEMBER_IMPORT_VISIBILITY = YES;
				SWIFT_VERSION = 5.0;
				TARGETED_DEVICE_FAMILY = "1,2";
				TEST_HOST = "$(BUILT_PRODUCTS_DIR)/VideoUpload.app/$(BUNDLE_EXECUTABLE_FOLDER_PATH)/VideoUpload";
			};
			name = Release;
		};
		5070D04B2E8FF8890023DAF5 /* Debug */ = {
			isa = XCBuildConfiguration;
			buildSettings = {
				CODE_SIGN_STYLE = Automatic;
				CURRENT_PROJECT_VERSION = 1;
				DEVELOPMENT_TEAM = VFG48XB875;
				GENERATE_INFOPLIST_FILE = YES;
				MARKETING_VERSION = 1.0;
				PRODUCT_BUNDLE_IDENTIFIER = com.digitaldone4u.VideoUploadUITests;
				PRODUCT_NAME = "$(TARGET_NAME)";
				STRING_CATALOG_GENERATE_SYMBOLS = NO;
				SWIFT_APPROACHABLE_CONCURRENCY = YES;
				SWIFT_EMIT_LOC_STRINGS = NO;
				SWIFT_UPCOMING_FEATURE_MEMBER_IMPORT_VISIBILITY = YES;
				SWIFT_VERSION = 5.0;
				TARGETED_DEVICE_FAMILY = "1,2";
				TEST_TARGET_NAME = VideoUpload;
			};
			name = Debug;
		};
		5070D04C2E8FF8890023DAF5 /* Release */ = {
			isa = XCBuildConfiguration;
			buildSettings = {
				CODE_SIGN_STYLE = Automatic;
				CURRENT_PROJECT_VERSION = 1;
				DEVELOPMENT_TEAM = VFG48XB875;
				GENERATE_INFOPLIST_FILE = YES;
				MARKETING_VERSION = 1.0;
				PRODUCT_BUNDLE_IDENTIFIER = com.digitaldone4u.VideoUploadUITests;
				PRODUCT_NAME = "$(TARGET_NAME)";
				STRING_CATALOG_GENERATE_SYMBOLS = NO;
				SWIFT_APPROACHABLE_CONCURRENCY = YES;
				SWIFT_EMIT_LOC_STRINGS = NO;
				SWIFT_UPCOMING_FEATURE_MEMBER_IMPORT_VISIBILITY = YES;
				SWIFT_VERSION = 5.0;
				TARGETED_DEVICE_FAMILY = "1,2";
				TEST_TARGET_NAME = VideoUpload;
			};
			name = Release;
		};
/* End XCBuildConfiguration section */

/* Begin XCConfigurationList section */
		5070D01E2E8FF8870023DAF5 /* Build configuration list for PBXProject "VideoUpload" */ = {
			isa = XCConfigurationList;
			buildConfigurations = (
				5070D0422E8FF8890023DAF5 /* Debug */,
				5070D0432E8FF8890023DAF5 /* Release */,
			);
			defaultConfigurationIsVisible = 0;
			defaultConfigurationName = Release;
		};
		5070D0442E8FF8890023DAF5 /* Build configuration list for PBXNativeTarget "VideoUpload" */ = {
			isa = XCConfigurationList;
			buildConfigurations = (
				5070D0452E8FF8890023DAF5 /* Debug */,
				5070D0462E8FF8890023DAF5 /* Release */,
			);
			defaultConfigurationIsVisible = 0;
			defaultConfigurationName = Release;
		};
		5070D0472E8FF8890023DAF5 /* Build configuration list for PBXNativeTarget "VideoUploadTests" */ = {
			isa = XCConfigurationList;
			buildConfigurations = (
				5070D0482E8FF8890023DAF5 /* Debug */,
				5070D0492E8FF8890023DAF5 /* Release */,
			);
			defaultConfigurationIsVisible = 0;
			defaultConfigurationName = Release;
		};
		5070D04A2E8FF8890023DAF5 /* Build configuration list for PBXNativeTarget "VideoUploadUITests" */ = {
			isa = XCConfigurationList;
			buildConfigurations = (
				5070D04B2E8FF8890023DAF5 /* Debug */,
				5070D04C2E8FF8890023DAF5 /* Release */,
			);
			defaultConfigurationIsVisible = 0;
			defaultConfigurationName = Release;
		};
/* End XCConfigurationList section */

/* Begin XCRemoteSwiftPackageReference section */
		5070D04F2E8FF9E70023DAF5 /* XCRemoteSwiftPackageReference "amplify-swift" */ = {
			isa = XCRemoteSwiftPackageReference;
			repositoryURL = "https://github.com/aws-amplify/amplify-swift";
			requirement = {
				kind = upToNextMajorVersion;
				minimumVersion = 2.51.1;
			};
		};
		5070D05A2E900BA60023DAF5 /* XCRemoteSwiftPackageReference "amplify-ui-swift-authenticator" */ = {
			isa = XCRemoteSwiftPackageReference;
			repositoryURL = "https://github.com/aws-amplify/amplify-ui-swift-authenticator";
			requirement = {
				kind = upToNextMajorVersion;
				minimumVersion = 1.2.3;
			};
		};
/* End XCRemoteSwiftPackageReference section */

/* Begin XCSwiftPackageProductDependency section */
		5070D0502E8FF9E70023DAF5 /* AWSS3StoragePlugin */ = {
			isa = XCSwiftPackageProductDependency;
			package = 5070D04F2E8FF9E70023DAF5 /* XCRemoteSwiftPackageReference "amplify-swift" */;
			productName = AWSS3StoragePlugin;
		};
		5070D0522E8FF9E70023DAF5 /* Amplify */ = {
			isa = XCSwiftPackageProductDependency;
			package = 5070D04F2E8FF9E70023DAF5 /* XCRemoteSwiftPackageReference "amplify-swift" */;
			productName = Amplify;
		};
		5070D0582E900B8D0023DAF5 /* AWSCognitoAuthPlugin */ = {
			isa = XCSwiftPackageProductDependency;
			package = 5070D04F2E8FF9E70023DAF5 /* XCRemoteSwiftPackageReference "amplify-swift" */;
			productName = AWSCognitoAuthPlugin;
		};
		5070D05B2E900BA60023DAF5 /* Authenticator */ = {
			isa = XCSwiftPackageProductDependency;
			package = 5070D05A2E900BA60023DAF5 /* XCRemoteSwiftPackageReference "amplify-ui-swift-authenticator" */;
			productName = Authenticator;
		};
/* End XCSwiftPackageProductDependency section */
	};
	rootObject = 5070D01B2E8FF8870023DAF5 /* Project object */;
}
